
Microsoft Visual Studio Solution File, Format Version 12.00
# Visual Studio Version 16
VisualStudioVersion = 16.0.30621.155
MinimumVisualStudioVersion = 10.0.40219.1
Project("{9A19103F-16F7-4668-BE54-9A1E7A4F7556}") = "CMS_CORE_NG", "CMS_CORE_NG.csproj", "{CC9ACF47-F4A6-439D-AF8E-0FD56C75F890}"
EndProject
Project("{9A19103F-16F7-4668-BE54-9A1E7A4F7556}") = "LoggingService", "..\LoggingService\LoggingService.csproj", "{A4066655-3BB5-41EF-9869-AEF36338A712}"
EndProject
Project("{9A19103F-16F7-4668-BE54-9A1E7A4F7556}") = "DataService", "..\DataService\DataService.csproj", "{608DF26A-ED5D-471B-8ED6-ED12F332B550}"
EndProject
Project("{9A19103F-16F7-4668-BE54-9A1E7A4F7556}") = "ModelService", "..\ModelService\ModelService.csproj", "{EF9D4837-5EEC-4673-A495-CEFA5A9414A8}"
EndProject
Project("{FAE04EC0-301F-11D3-BF4B-00C04F79EFBC}") = "FunctionalService", "..\FunctionalService\FunctionalService.csproj", "{B9007377-DBAB-42BA-A29D-34A45A122B71}"
EndProject
Global
	GlobalSection(SolutionConfigurationPlatforms) = preSolution
		Debug|Any CPU = Debug|Any CPU
		Release|Any CPU = Release|Any CPU
	EndGlobalSection
	GlobalSection(ProjectConfigurationPlatforms) = postSolution
		{CC9ACF47-F4A6-439D-AF8E-0FD56C75F890}.Debug|Any CPU.ActiveCfg = Debug|Any CPU
		{CC9ACF47-F4A6-439D-AF8E-0FD56C75F890}.Debug|Any CPU.Build.0 = Debug|Any CPU
		{CC9ACF47-F4A6-439D-AF8E-0FD56C75F890}.Release|Any CPU.ActiveCfg = Release|Any CPU
		{CC9ACF47-F4A6-439D-AF8E-0FD56C75F890}.Release|Any CPU.Build.0 = Release|Any CPU
		{A4066655-3BB5-41EF-9869-AEF36338A712}.Debug|Any CPU.ActiveCfg = Debug|Any CPU
		{A4066655-3BB5-41EF-9869-AEF36338A712}.Debug|Any CPU.Build.0 = Debug|Any CPU
		{A4066655-3BB5-41EF-9869-AEF36338A712}.Release|Any CPU.ActiveCfg = Release|Any CPU
		{A4066655-3BB5-41EF-9869-AEF36338A712}.Release|Any CPU.Build.0 = Release|Any CPU
		{608DF26A-ED5D-471B-8ED6-ED12F332B550}.Debug|Any CPU.ActiveCfg = Debug|Any CPU
		{608DF26A-ED5D-471B-8ED6-ED12F332B550}.Debug|Any CPU.Build.0 = Debug|Any CPU
		{608DF26A-ED5D-471B-8ED6-ED12F332B550}.Release|Any CPU.ActiveCfg = Release|Any CPU
		{608DF26A-ED5D-471B-8ED6-ED12F332B550}.Release|Any CPU.Build.0 = Release|Any CPU
		{EF9D4837-5EEC-4673-A495-CEFA5A9414A8}.Debug|Any CPU.ActiveCfg = Debug|Any CPU
		{EF9D4837-5EEC-4673-A495-CEFA5A9414A8}.Debug|Any CPU.Build.0 = Debug|Any CPU
		{EF9D4837-5EEC-4673-A495-CEFA5A9414A8}.Release|Any CPU.ActiveCfg = Release|Any CPU
		{EF9D4837-5EEC-4673-A495-CEFA5A9414A8}.Release|Any CPU.Build.0 = Release|Any CPU
		{B9007377-DBAB-42BA-A29D-34A45A122B71}.Debug|Any CPU.ActiveCfg = Debug|Any CPU
		{B9007377-DBAB-42BA-A29D-34A45A122B71}.Debug|Any CPU.Build.0 = Debug|Any CPU
		{B9007377-DBAB-42BA-A29D-34A45A122B71}.Release|Any CPU.ActiveCfg = Release|Any CPU
		{B9007377-DBAB-42BA-A29D-34A45A122B71}.Release|Any CPU.Build.0 = Release|Any CPU
	EndGlobalSection
	GlobalSection(SolutionProperties) = preSolution
		HideSolutionNode = FALSE
	EndGlobalSection
	GlobalSection(ExtensibilityGlobals) = postSolution
		SolutionGuid = {93FF62A8-4D31-4C75-AAAF-8B8DE43095C3}
	EndGlobalSection
EndGlobal
